
Microsoft Visual Studio Solution File, Format Version 12.00
# Visual Studio Version 17
VisualStudioVersion = 17.4.33213.308
MinimumVisualStudioVersion = 10.0.40219.1
Project("{FAE04EC0-301F-11D3-BF4B-00C04F79EFBC}") = "KnowledgeBaseInterface", "KnowledgeBaseInterface\KnowledgeBaseInterface.csproj", "{ACFAC5CB-40E4-4B01-BFB5-92820C7249FC}"
EndProject
Global
	GlobalSection(SolutionConfigurationPlatforms) = preSolution
		Debug|Any CPU = Debug|Any CPU
		Release|Any CPU = Release|Any CPU
	EndGlobalSection
	GlobalSection(ProjectConfigurationPlatforms) = postSolution
		{ACFAC5CB-40E4-4B01-BFB5-92820C7249FC}.Debug|Any CPU.ActiveCfg = Debug|Any CPU
		{ACFAC5CB-40E4-4B01-BFB5-92820C7249FC}.Debug|Any CPU.Build.0 = Debug|Any CPU
		{ACFAC5CB-40E4-4B01-BFB5-92820C7249FC}.Release|Any CPU.ActiveCfg = Release|Any CPU
		{ACFAC5CB-40E4-4B01-BFB5-92820C7249FC}.Release|Any CPU.Build.0 = Release|Any CPU
	EndGlobalSection
	GlobalSection(SolutionProperties) = preSolution
		HideSolutionNode = FALSE
	EndGlobalSection
	GlobalSection(ExtensibilityGlobals) = postSolution
		SolutionGuid = {8E7DA8BB-BDCA-442D-964B-69AAA669C3A1}
	EndGlobalSection
EndGlobal
